
Microsoft Visual Studio Solution File, Format Version 12.00
# Visual Studio 2013
VisualStudioVersion = 12.0.31101.0
MinimumVisualStudioVersion = 10.0.40219.1
Project("{FAE04EC0-301F-11D3-BF4B-00C04F79EFBC}") = "TimeInChecker", "TimeInChecker\TimeInChecker.csproj", "{FCEC2A91-736D-4F88-A7B2-2D7D2A91BC0E}"
EndProject
Global
	GlobalSection(SolutionConfigurationPlatforms) = preSolution
		Debug|Any CPU = Debug|Any CPU
		Release|Any CPU = Release|Any CPU
	EndGlobalSection
	GlobalSection(ProjectConfigurationPlatforms) = postSolution
		{FCEC2A91-736D-4F88-A7B2-2D7D2A91BC0E}.Debug|Any CPU.ActiveCfg = Debug|Any CPU
		{FCEC2A91-736D-4F88-A7B2-2D7D2A91BC0E}.Debug|Any CPU.Build.0 = Debug|Any CPU
		{FCEC2A91-736D-4F88-A7B2-2D7D2A91BC0E}.Release|Any CPU.ActiveCfg = Release|Any CPU
		{FCEC2A91-736D-4F88-A7B2-2D7D2A91BC0E}.Release|Any CPU.Build.0 = Release|Any CPU
	EndGlobalSection
	GlobalSection(SolutionProperties) = preSolution
		HideSolutionNode = FALSE
	EndGlobalSection
EndGlobal
